#MicroXplorer Configuration settings - do not modify
CORTEX_M7.ART_ACCLERATOR_ENABLE=1
CORTEX_M7.CPU_DCache=Enabled
CORTEX_M7.CPU_ICache=Enabled
CORTEX_M7.IPParameters=ART_ACCLERATOR_ENABLE,PREFETCH_ENABLE,CPU_ICache,CPU_DCache
CORTEX_M7.PREFETCH_ENABLE=1
File.Version=6
KeepUserPlacement=false
LTDC.ActiveH=272
LTDC.ActiveW=480
LTDC.IPParameters=ActiveW,ActiveH,PixelFormat_L0,PixelFormat_L1
LTDC.PixelFormat_L0=LTDC_PIXEL_FORMAT_ARGB8888
LTDC.PixelFormat_L1=LTDC_PIXEL_FORMAT_ARGB8888
Mcu.Family=STM32F7
Mcu.IP0=CORTEX_M7
Mcu.IP1=DMA2D
Mcu.IP2=FMC
Mcu.IP3=LTDC
Mcu.IP4=NVIC
Mcu.IP5=RCC
Mcu.IP6=SYS
Mcu.IP7=USART1
Mcu.IP8=USB_OTG_FS
Mcu.IPNb=9
Mcu.Name=STM32F746ZGTx
Mcu.Package=LQFP144
Mcu.Pin0=PE4
Mcu.Pin1=PE5
Mcu.Pin10=PH0/OSC_IN
Mcu.Pin11=PH1/OSC_OUT
Mcu.Pin12=PC0
Mcu.Pin13=PC2
Mcu.Pin14=PC3
Mcu.Pin15=PA1
Mcu.Pin16=PA2
Mcu.Pin17=PA3
Mcu.Pin18=PA4
Mcu.Pin19=PA5
Mcu.Pin2=PE6
Mcu.Pin20=PA6
Mcu.Pin21=PA7
Mcu.Pin22=PB0
Mcu.Pin23=PB1
Mcu.Pin24=PF11
Mcu.Pin25=PF12
Mcu.Pin26=PF13
Mcu.Pin27=PF14
Mcu.Pin28=PF15
Mcu.Pin29=PG0
Mcu.Pin3=PF0
Mcu.Pin30=PG1
Mcu.Pin31=PE7
Mcu.Pin32=PE8
Mcu.Pin33=PE9
Mcu.Pin34=PE10
Mcu.Pin35=PE11
Mcu.Pin36=PE12
Mcu.Pin37=PE14
Mcu.Pin38=PE15
Mcu.Pin39=PB10
Mcu.Pin4=PF1
Mcu.Pin40=PB11
Mcu.Pin41=PD10
Mcu.Pin42=PD14
Mcu.Pin43=PD15
Mcu.Pin44=PG4
Mcu.Pin45=PG8
Mcu.Pin46=PC6
Mcu.Pin47=PC7
Mcu.Pin48=PA9
Mcu.Pin49=PA10
Mcu.Pin5=PF2
Mcu.Pin50=PA11
Mcu.Pin51=PA12
Mcu.Pin52=PA13
Mcu.Pin53=PA14
Mcu.Pin54=PD0
Mcu.Pin55=PD1
Mcu.Pin56=PD3
Mcu.Pin57=PD6
Mcu.Pin58=PG12
Mcu.Pin59=PG13
Mcu.Pin6=PF3
Mcu.Pin60=PG15
Mcu.Pin61=PB8
Mcu.Pin62=PB9
Mcu.Pin63=VP_DMA2D_VS_DMA2D
Mcu.Pin64=VP_SYS_VS_Systick
Mcu.Pin7=PF4
Mcu.Pin8=PF5
Mcu.Pin9=PF10
Mcu.PinsNb=65
Mcu.ThirdPartyNb=0
Mcu.UserConstants=
Mcu.UserName=STM32F746ZGTx
MxCube.Version=5.0.1
MxDb.Version=DB.5.0.1
NVIC.BusFault_IRQn=true\:0\:0\:false\:false\:true\:false
NVIC.DebugMonitor_IRQn=true\:0\:0\:false\:false\:true\:false
NVIC.HardFault_IRQn=true\:0\:0\:false\:false\:true\:false
NVIC.MemoryManagement_IRQn=true\:0\:0\:false\:false\:true\:false
NVIC.NonMaskableInt_IRQn=true\:0\:0\:false\:false\:true\:false
NVIC.PendSV_IRQn=true\:0\:0\:false\:false\:true\:false
NVIC.PriorityGroup=NVIC_PRIORITYGROUP_4
NVIC.SVCall_IRQn=true\:0\:0\:false\:false\:true\:false
NVIC.SysTick_IRQn=true\:0\:0\:false\:false\:true\:false
NVIC.UsageFault_IRQn=true\:0\:0\:false\:false\:true\:false
PA1.Mode=RGB888
PA1.Signal=LTDC_R2
PA10.Mode=Asynchronous
PA10.Signal=USART1_RX
PA11.Mode=Device_Only
PA11.Signal=USB_OTG_FS_DM
PA12.Mode=Device_Only
PA12.Signal=USB_OTG_FS_DP
PA13.Mode=Serial_Wire
PA13.Signal=SYS_JTMS-SWDIO
PA14.Mode=Serial_Wire
PA14.Signal=SYS_JTCK-SWCLK
PA2.Mode=RGB888
PA2.Signal=LTDC_R1
PA3.Mode=RGB888
PA3.Signal=LTDC_B5
PA4.Mode=RGB888
PA4.Signal=LTDC_VSYNC
PA5.Mode=RGB888
PA5.Signal=LTDC_R4
PA6.Mode=RGB888
PA6.Signal=LTDC_G2
PA7.Signal=FMC_SDNWE
PA9.Mode=Asynchronous
PA9.Signal=USART1_TX
PB0.Mode=RGB888
PB0.Signal=LTDC_R3
PB1.Mode=RGB888
PB1.Signal=LTDC_R6
PB10.Mode=RGB888
PB10.Signal=LTDC_G4
PB11.Mode=RGB888
PB11.Signal=LTDC_G5
PB8.Mode=RGB888
PB8.Signal=LTDC_B6
PB9.Mode=RGB888
PB9.Signal=LTDC_B7
PC0.Mode=RGB888
PC0.Signal=LTDC_R5
PC2.Mode=SdramChipSelect1_1
PC2.Signal=FMC_SDNE0
PC3.Mode=SdramChipSelect1_1
PC3.Signal=FMC_SDCKE0
PC6.Mode=RGB888
PC6.Signal=LTDC_HSYNC
PC7.Mode=RGB888
PC7.Signal=LTDC_G6
PCC.Checker=false
PCC.Line=STM32F7x6
PCC.MCU=STM32F746ZGTx
PCC.PartNumber=STM32F746ZGTx
PCC.Seq0=0
PCC.Series=STM32F7
PCC.Temperature=25
PCC.Vdd=3.3
PD0.Signal=FMC_D2_DA2
PD1.Signal=FMC_D3_DA3
PD10.Mode=RGB888
PD10.Signal=LTDC_B3
PD14.Signal=FMC_D0_DA0
PD15.Signal=FMC_D1_DA1
PD3.Mode=RGB888
PD3.Signal=LTDC_G7
PD6.Mode=RGB888
PD6.Signal=LTDC_B2
PE10.Signal=FMC_D7_DA7
PE11.Mode=RGB888
PE11.Signal=LTDC_G3
PE12.Mode=RGB888
PE12.Signal=LTDC_B4
PE14.Mode=RGB888
PE14.Signal=LTDC_CLK
PE15.Mode=RGB888
PE15.Signal=LTDC_R7
PE4.Mode=RGB888
PE4.Signal=LTDC_B0
PE5.Mode=RGB888
PE5.Signal=LTDC_G0
PE6.Mode=RGB888
PE6.Signal=LTDC_G1
PE7.Signal=FMC_D4_DA4
PE8.Signal=FMC_D5_DA5
PE9.Signal=FMC_D6_DA6
PF0.Signal=FMC_A0
PF1.Signal=FMC_A1
PF10.Mode=RGB888
PF10.Signal=LTDC_DE
PF11.Signal=FMC_SDNRAS
PF12.Signal=FMC_A6
PF13.Signal=FMC_A7
PF14.Signal=FMC_A8
PF15.Signal=FMC_A9
PF2.Signal=FMC_A2
PF3.Signal=FMC_A3
PF4.Signal=FMC_A4
PF5.Signal=FMC_A5
PG0.Signal=FMC_A10
PG1.Signal=FMC_A11
PG12.Mode=RGB888
PG12.Signal=LTDC_B1
PG13.Mode=RGB888
PG13.Signal=LTDC_R0
PG15.Signal=FMC_SDNCAS
PG4.Signal=FMC_A14_BA0
PG8.Signal=FMC_SDCLK
PH0/OSC_IN.Mode=HSE-External-Oscillator
PH0/OSC_IN.Signal=RCC_OSC_IN
PH1/OSC_OUT.Mode=HSE-External-Oscillator
PH1/OSC_OUT.Signal=RCC_OSC_OUT
PinOutPanel.RotationAngle=0
ProjectManager.AskForMigrate=true
ProjectManager.BackupPrevious=false
ProjectManager.CompilerOptimize=6
ProjectManager.ComputerToolchain=false
ProjectManager.CoupleFile=false
ProjectManager.CustomerFirmwarePackage=
ProjectManager.DefaultFWLocation=true
ProjectManager.DeletePrevious=true
ProjectManager.DeviceId=STM32F746ZGTx
ProjectManager.FirmwarePackage=STM32Cube FW_F7 V1.14.0
ProjectManager.FreePins=false
ProjectManager.HalAssertFull=false
ProjectManager.HeapSize=0x200
ProjectManager.KeepUserCode=true
ProjectManager.LastFirmware=true
ProjectManager.LibraryCopy=0
ProjectManager.MainLocation=Src
ProjectManager.NoMain=false
ProjectManager.PreviousToolchain=
ProjectManager.ProjectBuild=false
ProjectManager.ProjectFileName=Cube f746z.ioc
ProjectManager.ProjectName=Cube f746z
ProjectManager.StackSize=0x400
ProjectManager.TargetToolchain=EWARM V8
ProjectManager.ToolChainLocation=
ProjectManager.UnderRoot=false
ProjectManager.functionlistsort=1-MX_GPIO_Init-GPIO-false-HAL-true,2-SystemClock_Config-RCC-false-HAL-false,3-MX_CORTEX_M7_Init-CORTEX_M7-false-HAL-true,4-MX_LTDC_Init-LTDC-false-HAL-true,5-MX_FMC_Init-FMC-false-HAL-true,6-MX_USB_OTG_FS_PCD_Init-USB_OTG_FS-false-HAL-true,7-MX_USART1_UART_Init-USART1-false-HAL-true,8-MX_DMA2D_Init-DMA2D-false-HAL-true
RCC.CECFreq_Value=32786.88524590164
RCC.FamilyName=M
RCC.HSE_VALUE=25000000
RCC.HSI_VALUE=16000000
RCC.I2SFreq_Value=96000000
RCC.IPParameters=CECFreq_Value,FamilyName,HSE_VALUE,HSI_VALUE,I2SFreq_Value,LCDTFToutputFreq_Value,LSE_VALUE,LSI_VALUE,PLLCLKFreq_Value,PLLI2SPCLKFreq_Value,PLLI2SQCLKFreq_Value,PLLI2SRCLKFreq_Value,PLLQCLKFreq_Value,PLLSAIPCLKFreq_Value,PLLSAIQCLKFreq_Value,PLLSAIRCLKFreq_Value,PLLSAIoutputFreq_Value,PLLSourceVirtualString,RNGFreq_Value,SAI1Freq_Value,SAI2Freq_Value,SDMMCFreq_Value,SPDIFRXFreq_Value,USBFreq_Value,VCOI2SOutputFreq_Value,VCOInputFreq_Value,VCOOutputFreq_Value,VCOSAIOutputFreq_Value
RCC.LCDTFToutputFreq_Value=48000000
RCC.LSE_VALUE=32768
RCC.LSI_VALUE=32000
RCC.PLLCLKFreq_Value=96000000
RCC.PLLI2SPCLKFreq_Value=96000000
RCC.PLLI2SQCLKFreq_Value=96000000
RCC.PLLI2SRCLKFreq_Value=96000000
RCC.PLLQCLKFreq_Value=96000000
RCC.PLLSAIPCLKFreq_Value=96000000
RCC.PLLSAIQCLKFreq_Value=96000000
RCC.PLLSAIRCLKFreq_Value=96000000
RCC.PLLSAIoutputFreq_Value=96000000
RCC.PLLSourceVirtualString=RCC_PLLSOURCE_HSI
RCC.RNGFreq_Value=96000000
RCC.SAI1Freq_Value=96000000
RCC.SAI2Freq_Value=96000000
RCC.SDMMCFreq_Value=16000000
RCC.SPDIFRXFreq_Value=96000000
RCC.USBFreq_Value=96000000
RCC.VCOI2SOutputFreq_Value=192000000
RCC.VCOInputFreq_Value=1000000
RCC.VCOOutputFreq_Value=192000000
RCC.VCOSAIOutputFreq_Value=192000000
SH.FMC_A0.0=FMC_A0,12b-sda1
SH.FMC_A0.ConfNb=1
SH.FMC_A1.0=FMC_A1,12b-sda1
SH.FMC_A1.ConfNb=1
SH.FMC_A10.0=FMC_A10,12b-sda1
SH.FMC_A10.ConfNb=1
SH.FMC_A11.0=FMC_A11,12b-sda1
SH.FMC_A11.ConfNb=1
SH.FMC_A14_BA0.0=FMC_BA0,TwoSdramBanks1
SH.FMC_A14_BA0.ConfNb=1
SH.FMC_A2.0=FMC_A2,12b-sda1
SH.FMC_A2.ConfNb=1
SH.FMC_A3.0=FMC_A3,12b-sda1
SH.FMC_A3.ConfNb=1
SH.FMC_A4.0=FMC_A4,12b-sda1
SH.FMC_A4.ConfNb=1
SH.FMC_A5.0=FMC_A5,12b-sda1
SH.FMC_A5.ConfNb=1
SH.FMC_A6.0=FMC_A6,12b-sda1
SH.FMC_A6.ConfNb=1
SH.FMC_A7.0=FMC_A7,12b-sda1
SH.FMC_A7.ConfNb=1
SH.FMC_A8.0=FMC_A8,12b-sda1
SH.FMC_A8.ConfNb=1
SH.FMC_A9.0=FMC_A9,12b-sda1
SH.FMC_A9.ConfNb=1
SH.FMC_D0_DA0.0=FMC_D0,sd-8b-d1
SH.FMC_D0_DA0.ConfNb=1
SH.FMC_D1_DA1.0=FMC_D1,sd-8b-d1
SH.FMC_D1_DA1.ConfNb=1
SH.FMC_D2_DA2.0=FMC_D2,sd-8b-d1
SH.FMC_D2_DA2.ConfNb=1
SH.FMC_D3_DA3.0=FMC_D3,sd-8b-d1
SH.FMC_D3_DA3.ConfNb=1
SH.FMC_D4_DA4.0=FMC_D4,sd-8b-d1
SH.FMC_D4_DA4.ConfNb=1
SH.FMC_D5_DA5.0=FMC_D5,sd-8b-d1
SH.FMC_D5_DA5.ConfNb=1
SH.FMC_D6_DA6.0=FMC_D6,sd-8b-d1
SH.FMC_D6_DA6.ConfNb=1
SH.FMC_D7_DA7.0=FMC_D7,sd-8b-d1
SH.FMC_D7_DA7.ConfNb=1
SH.FMC_SDCLK.0=FMC_SDCLK,12b-sda1
SH.FMC_SDCLK.ConfNb=1
SH.FMC_SDNCAS.0=FMC_SDNCAS,12b-sda1
SH.FMC_SDNCAS.ConfNb=1
SH.FMC_SDNRAS.0=FMC_SDNRAS,12b-sda1
SH.FMC_SDNRAS.ConfNb=1
SH.FMC_SDNWE.0=FMC_SDNWE,12b-sda1
SH.FMC_SDNWE.ConfNb=1
USART1.IPParameters=VirtualMode-Asynchronous
USART1.VirtualMode-Asynchronous=VM_ASYNC
USB_OTG_FS.IPParameters=VirtualMode
USB_OTG_FS.VirtualMode=Device_Only
VP_DMA2D_VS_DMA2D.Mode=DMA2D_Activate
VP_DMA2D_VS_DMA2D.Signal=DMA2D_VS_DMA2D
VP_SYS_VS_Systick.Mode=SysTick
VP_SYS_VS_Systick.Signal=SYS_VS_Systick
board=custom
